
Microsoft Visual Studio Solution File, Format Version 12.00
# Visual Studio Version 17
VisualStudioVersion = 17.0.31903.59
MinimumVisualStudioVersion = 10.0.40219.1
Project("{FAE04EC0-301F-11D3-BF4B-00C04F79EFBC}") = "WebApplication1", "WebApplication1\WebApplication1.csproj", "{4E87384D-826E-4496-8FA1-4DAAC5FF37BA}"
EndProject
Project("{FAE04EC0-301F-11D3-BF4B-00C04F79EFBC}") = "WelcomePage", "WelcomePage\WelcomePage.csproj", "{C96692DB-BEE5-453A-9113-3DE1F2210CC9}"
EndProject
Project("{FAE04EC0-301F-11D3-BF4B-00C04F79EFBC}") = "StaticFile", "StaticFile\StaticFile.csproj", "{89AB0CA7-D790-4C15-B0B8-D02FB66356EF}"
EndProject
Project("{FAE04EC0-301F-11D3-BF4B-00C04F79EFBC}") = "ParameterizedRouting", "ParameterizedRouting\ParameterizedRouting.csproj", "{28092E58-C970-401B-BDF9-A52DD96B97D6}"
EndProject
Project("{FAE04EC0-301F-11D3-BF4B-00C04F79EFBC}") = "FruitPostExample", "FruitPostExample\FruitPostExample.csproj", "{49036332-41F4-4A8F-A2DA-36DFD2D828B4}"
EndProject
Global
	GlobalSection(SolutionConfigurationPlatforms) = preSolution
		Debug|Any CPU = Debug|Any CPU
		Release|Any CPU = Release|Any CPU
	EndGlobalSection
	GlobalSection(SolutionProperties) = preSolution
		HideSolutionNode = FALSE
	EndGlobalSection
	GlobalSection(ProjectConfigurationPlatforms) = postSolution
		{4E87384D-826E-4496-8FA1-4DAAC5FF37BA}.Debug|Any CPU.ActiveCfg = Debug|Any CPU
		{4E87384D-826E-4496-8FA1-4DAAC5FF37BA}.Debug|Any CPU.Build.0 = Debug|Any CPU
		{4E87384D-826E-4496-8FA1-4DAAC5FF37BA}.Release|Any CPU.ActiveCfg = Release|Any CPU
		{4E87384D-826E-4496-8FA1-4DAAC5FF37BA}.Release|Any CPU.Build.0 = Release|Any CPU
		{C96692DB-BEE5-453A-9113-3DE1F2210CC9}.Debug|Any CPU.ActiveCfg = Debug|Any CPU
		{C96692DB-BEE5-453A-9113-3DE1F2210CC9}.Debug|Any CPU.Build.0 = Debug|Any CPU
		{C96692DB-BEE5-453A-9113-3DE1F2210CC9}.Release|Any CPU.ActiveCfg = Release|Any CPU
		{C96692DB-BEE5-453A-9113-3DE1F2210CC9}.Release|Any CPU.Build.0 = Release|Any CPU
		{89AB0CA7-D790-4C15-B0B8-D02FB66356EF}.Debug|Any CPU.ActiveCfg = Debug|Any CPU
		{89AB0CA7-D790-4C15-B0B8-D02FB66356EF}.Debug|Any CPU.Build.0 = Debug|Any CPU
		{89AB0CA7-D790-4C15-B0B8-D02FB66356EF}.Release|Any CPU.ActiveCfg = Release|Any CPU
		{89AB0CA7-D790-4C15-B0B8-D02FB66356EF}.Release|Any CPU.Build.0 = Release|Any CPU
		{28092E58-C970-401B-BDF9-A52DD96B97D6}.Debug|Any CPU.ActiveCfg = Debug|Any CPU
		{28092E58-C970-401B-BDF9-A52DD96B97D6}.Debug|Any CPU.Build.0 = Debug|Any CPU
		{28092E58-C970-401B-BDF9-A52DD96B97D6}.Release|Any CPU.ActiveCfg = Release|Any CPU
		{28092E58-C970-401B-BDF9-A52DD96B97D6}.Release|Any CPU.Build.0 = Release|Any CPU
		{49036332-41F4-4A8F-A2DA-36DFD2D828B4}.Debug|Any CPU.ActiveCfg = Debug|Any CPU
		{49036332-41F4-4A8F-A2DA-36DFD2D828B4}.Debug|Any CPU.Build.0 = Debug|Any CPU
		{49036332-41F4-4A8F-A2DA-36DFD2D828B4}.Release|Any CPU.ActiveCfg = Release|Any CPU
		{49036332-41F4-4A8F-A2DA-36DFD2D828B4}.Release|Any CPU.Build.0 = Release|Any CPU
	EndGlobalSection
EndGlobal
